
Microsoft Visual Studio Solution File, Format Version 12.00
# Visual Studio Version 17
VisualStudioVersion = 17.5.33627.172
MinimumVisualStudioVersion = 10.0.40219.1
Project("{FAE04EC0-301F-11D3-BF4B-00C04F79EFBC}") = "UniLink", "UniLink.csproj", "{0E579FF1-4729-42A1-A7B2-1C223FE510E0}"
EndProject
Global
	GlobalSection(SolutionConfigurationPlatforms) = preSolution
		Debug|Any CPU = Debug|Any CPU
		Release|Any CPU = Release|Any CPU
	EndGlobalSection
	GlobalSection(ProjectConfigurationPlatforms) = postSolution
		{0E579FF1-4729-42A1-A7B2-1C223FE510E0}.Debug|Any CPU.ActiveCfg = Debug|Any CPU
		{0E579FF1-4729-42A1-A7B2-1C223FE510E0}.Debug|Any CPU.Build.0 = Debug|Any CPU
		{0E579FF1-4729-42A1-A7B2-1C223FE510E0}.Release|Any CPU.ActiveCfg = Release|Any CPU
		{0E579FF1-4729-42A1-A7B2-1C223FE510E0}.Release|Any CPU.Build.0 = Release|Any CPU
	EndGlobalSection
	GlobalSection(SolutionProperties) = preSolution
		HideSolutionNode = FALSE
	EndGlobalSection
	GlobalSection(ExtensibilityGlobals) = postSolution
		SolutionGuid = {8C176683-C14E-4EAC-8D6D-FE401A1C7BA7}
	EndGlobalSection
EndGlobal
